
Microsoft Visual Studio Solution File, Format Version 12.00
# Visual Studio 15
VisualStudioVersion = 15.0.27703.2018
MinimumVisualStudioVersion = 10.0.40219.1
Project("{FAE04EC0-301F-11D3-BF4B-00C04F79EFBC}") = "App2.Android", "App2\App2.Android\App2.Android.csproj", "{DED554CB-8FDC-423A-B729-3DC7273CF883}"
EndProject
Project("{FAE04EC0-301F-11D3-BF4B-00C04F79EFBC}") = "App2.iOS", "App2\App2.iOS\App2.iOS.csproj", "{DB697488-25E0-4747-B396-72C9C58C3E55}"
EndProject
Project("{FAE04EC0-301F-11D3-BF4B-00C04F79EFBC}") = "App2", "App2\App2\App2.csproj", "{8143D1CF-018B-4F65-BF62-8211BE0D0E94}"
EndProject
Global
	GlobalSection(SolutionConfigurationPlatforms) = preSolution
		Ad-Hoc|Any CPU = Ad-Hoc|Any CPU
		Ad-Hoc|iPhone = Ad-Hoc|iPhone
		Ad-Hoc|iPhoneSimulator = Ad-Hoc|iPhoneSimulator
		AppStore|Any CPU = AppStore|Any CPU
		AppStore|iPhone = AppStore|iPhone
		AppStore|iPhoneSimulator = AppStore|iPhoneSimulator
		Debug|Any CPU = Debug|Any CPU
		Debug|iPhone = Debug|iPhone
		Debug|iPhoneSimulator = Debug|iPhoneSimulator
		Release|Any CPU = Release|Any CPU
		Release|iPhone = Release|iPhone
		Release|iPhoneSimulator = Release|iPhoneSimulator
	EndGlobalSection
	GlobalSection(ProjectConfigurationPlatforms) = postSolution
		{DED554CB-8FDC-423A-B729-3DC7273CF883}.Ad-Hoc|Any CPU.ActiveCfg = Release|Any CPU
		{DED554CB-8FDC-423A-B729-3DC7273CF883}.Ad-Hoc|Any CPU.Build.0 = Release|Any CPU
		{DED554CB-8FDC-423A-B729-3DC7273CF883}.Ad-Hoc|Any CPU.Deploy.0 = Release|Any CPU
		{DED554CB-8FDC-423A-B729-3DC7273CF883}.Ad-Hoc|iPhone.ActiveCfg = Release|Any CPU
		{DED554CB-8FDC-423A-B729-3DC7273CF883}.Ad-Hoc|iPhone.Build.0 = Release|Any CPU
		{DED554CB-8FDC-423A-B729-3DC7273CF883}.Ad-Hoc|iPhone.Deploy.0 = Release|Any CPU
		{DED554CB-8FDC-423A-B729-3DC7273CF883}.Ad-Hoc|iPhoneSimulator.ActiveCfg = Release|Any CPU
		{DED554CB-8FDC-423A-B729-3DC7273CF883}.Ad-Hoc|iPhoneSimulator.Build.0 = Release|Any CPU
		{DED554CB-8FDC-423A-B729-3DC7273CF883}.Ad-Hoc|iPhoneSimulator.Deploy.0 = Release|Any CPU
		{DED554CB-8FDC-423A-B729-3DC7273CF883}.AppStore|Any CPU.ActiveCfg = Release|Any CPU
		{DED554CB-8FDC-423A-B729-3DC7273CF883}.AppStore|Any CPU.Build.0 = Release|Any CPU
		{DED554CB-8FDC-423A-B729-3DC7273CF883}.AppStore|Any CPU.Deploy.0 = Release|Any CPU
		{DED554CB-8FDC-423A-B729-3DC7273CF883}.AppStore|iPhone.ActiveCfg = Release|Any CPU
		{DED554CB-8FDC-423A-B729-3DC7273CF883}.AppStore|iPhone.Build.0 = Release|Any CPU
		{DED554CB-8FDC-423A-B729-3DC7273CF883}.AppStore|iPhone.Deploy.0 = Release|Any CPU
		{DED554CB-8FDC-423A-B729-3DC7273CF883}.AppStore|iPhoneSimulator.ActiveCfg = Release|Any CPU
		{DED554CB-8FDC-423A-B729-3DC7273CF883}.AppStore|iPhoneSimulator.Build.0 = Release|Any CPU
		{DED554CB-8FDC-423A-B729-3DC7273CF883}.AppStore|iPhoneSimulator.Deploy.0 = Release|Any CPU
		{DED554CB-8FDC-423A-B729-3DC7273CF883}.Debug|Any CPU.ActiveCfg = Debug|Any CPU
		{DED554CB-8FDC-423A-B729-3DC7273CF883}.Debug|Any CPU.Build.0 = Debug|Any CPU
		{DED554CB-8FDC-423A-B729-3DC7273CF883}.Debug|Any CPU.Deploy.0 = Debug|Any CPU
		{DED554CB-8FDC-423A-B729-3DC7273CF883}.Debug|iPhone.ActiveCfg = Debug|Any CPU
		{DED554CB-8FDC-423A-B729-3DC7273CF883}.Debug|iPhone.Build.0 = Debug|Any CPU
		{DED554CB-8FDC-423A-B729-3DC7273CF883}.Debug|iPhone.Deploy.0 = Debug|Any CPU
		{DED554CB-8FDC-423A-B729-3DC7273CF883}.Debug|iPhoneSimulator.ActiveCfg = Debug|Any CPU
		{DED554CB-8FDC-423A-B729-3DC7273CF883}.Debug|iPhoneSimulator.Build.0 = Debug|Any CPU
		{DED554CB-8FDC-423A-B729-3DC7273CF883}.Debug|iPhoneSimulator.Deploy.0 = Debug|Any CPU
		{DED554CB-8FDC-423A-B729-3DC7273CF883}.Release|Any CPU.ActiveCfg = Release|Any CPU
		{DED554CB-8FDC-423A-B729-3DC7273CF883}.Release|Any CPU.Build.0 = Release|Any CPU
		{DED554CB-8FDC-423A-B729-3DC7273CF883}.Release|Any CPU.Deploy.0 = Release|Any CPU
		{DED554CB-8FDC-423A-B729-3DC7273CF883}.Release|iPhone.ActiveCfg = Release|Any CPU
		{DED554CB-8FDC-423A-B729-3DC7273CF883}.Release|iPhone.Build.0 = Release|Any CPU
		{DED554CB-8FDC-423A-B729-3DC7273CF883}.Release|iPhone.Deploy.0 = Release|Any CPU
		{DED554CB-8FDC-423A-B729-3DC7273CF883}.Release|iPhoneSimulator.ActiveCfg = Release|Any CPU
		{DED554CB-8FDC-423A-B729-3DC7273CF883}.Release|iPhoneSimulator.Build.0 = Release|Any CPU
		{DED554CB-8FDC-423A-B729-3DC7273CF883}.Release|iPhoneSimulator.Deploy.0 = Release|Any CPU
		{DB697488-25E0-4747-B396-72C9C58C3E55}.Ad-Hoc|Any CPU.ActiveCfg = Ad-Hoc|iPhone
		{DB697488-25E0-4747-B396-72C9C58C3E55}.Ad-Hoc|Any CPU.Build.0 = Ad-Hoc|iPhone
		{DB697488-25E0-4747-B396-72C9C58C3E55}.Ad-Hoc|Any CPU.Deploy.0 = Ad-Hoc|iPhone
		{DB697488-25E0-4747-B396-72C9C58C3E55}.Ad-Hoc|iPhone.ActiveCfg = Ad-Hoc|iPhone
		{DB697488-25E0-4747-B396-72C9C58C3E55}.Ad-Hoc|iPhone.Build.0 = Ad-Hoc|iPhone
		{DB697488-25E0-4747-B396-72C9C58C3E55}.Ad-Hoc|iPhone.Deploy.0 = Ad-Hoc|iPhone
		{DB697488-25E0-4747-B396-72C9C58C3E55}.Ad-Hoc|iPhoneSimulator.ActiveCfg = Ad-Hoc|iPhoneSimulator
		{DB697488-25E0-4747-B396-72C9C58C3E55}.Ad-Hoc|iPhoneSimulator.Build.0 = Ad-Hoc|iPhoneSimulator
		{DB697488-25E0-4747-B396-72C9C58C3E55}.Ad-Hoc|iPhoneSimulator.Deploy.0 = Ad-Hoc|iPhoneSimulator
		{DB697488-25E0-4747-B396-72C9C58C3E55}.AppStore|Any CPU.ActiveCfg = AppStore|iPhone
		{DB697488-25E0-4747-B396-72C9C58C3E55}.AppStore|Any CPU.Build.0 = AppStore|iPhone
		{DB697488-25E0-4747-B396-72C9C58C3E55}.AppStore|Any CPU.Deploy.0 = AppStore|iPhone
		{DB697488-25E0-4747-B396-72C9C58C3E55}.AppStore|iPhone.ActiveCfg = AppStore|iPhone
		{DB697488-25E0-4747-B396-72C9C58C3E55}.AppStore|iPhone.Build.0 = AppStore|iPhone
		{DB697488-25E0-4747-B396-72C9C58C3E55}.AppStore|iPhone.Deploy.0 = AppStore|iPhone
		{DB697488-25E0-4747-B396-72C9C58C3E55}.AppStore|iPhoneSimulator.ActiveCfg = AppStore|iPhoneSimulator
		{DB697488-25E0-4747-B396-72C9C58C3E55}.AppStore|iPhoneSimulator.Build.0 = AppStore|iPhoneSimulator
		{DB697488-25E0-4747-B396-72C9C58C3E55}.AppStore|iPhoneSimulator.Deploy.0 = AppStore|iPhoneSimulator
		{DB697488-25E0-4747-B396-72C9C58C3E55}.Debug|Any CPU.ActiveCfg = Debug|iPhoneSimulator
		{DB697488-25E0-4747-B396-72C9C58C3E55}.Debug|Any CPU.Build.0 = Debug|iPhoneSimulator
		{DB697488-25E0-4747-B396-72C9C58C3E55}.Debug|Any CPU.Deploy.0 = Debug|iPhoneSimulator
		{DB697488-25E0-4747-B396-72C9C58C3E55}.Debug|iPhone.ActiveCfg = Debug|iPhone
		{DB697488-25E0-4747-B396-72C9C58C3E55}.Debug|iPhone.Build.0 = Debug|iPhone
		{DB697488-25E0-4747-B396-72C9C58C3E55}.Debug|iPhone.Deploy.0 = Debug|iPhone
		{DB697488-25E0-4747-B396-72C9C58C3E55}.Debug|iPhoneSimulator.ActiveCfg = Debug|iPhoneSimulator
		{DB697488-25E0-4747-B396-72C9C58C3E55}.Debug|iPhoneSimulator.Build.0 = Debug|iPhoneSimulator
		{DB697488-25E0-4747-B396-72C9C58C3E55}.Debug|iPhoneSimulator.Deploy.0 = Debug|iPhoneSimulator
		{DB697488-25E0-4747-B396-72C9C58C3E55}.Release|Any CPU.ActiveCfg = Release|iPhone
		{DB697488-25E0-4747-B396-72C9C58C3E55}.Release|Any CPU.Build.0 = Release|iPhone
		{DB697488-25E0-4747-B396-72C9C58C3E55}.Release|Any CPU.Deploy.0 = Release|iPhone
		{DB697488-25E0-4747-B396-72C9C58C3E55}.Release|iPhone.ActiveCfg = Release|iPhone
		{DB697488-25E0-4747-B396-72C9C58C3E55}.Release|iPhone.Build.0 = Release|iPhone
		{DB697488-25E0-4747-B396-72C9C58C3E55}.Release|iPhone.Deploy.0 = Release|iPhone
		{DB697488-25E0-4747-B396-72C9C58C3E55}.Release|iPhoneSimulator.ActiveCfg = Release|iPhoneSimulator
		{DB697488-25E0-4747-B396-72C9C58C3E55}.Release|iPhoneSimulator.Build.0 = Release|iPhoneSimulator
		{DB697488-25E0-4747-B396-72C9C58C3E55}.Release|iPhoneSimulator.Deploy.0 = Release|iPhoneSimulator
		{8143D1CF-018B-4F65-BF62-8211BE0D0E94}.Ad-Hoc|Any CPU.ActiveCfg = Debug|Any CPU
		{8143D1CF-018B-4F65-BF62-8211BE0D0E94}.Ad-Hoc|Any CPU.Build.0 = Debug|Any CPU
		{8143D1CF-018B-4F65-BF62-8211BE0D0E94}.Ad-Hoc|Any CPU.Deploy.0 = Debug|Any CPU
		{8143D1CF-018B-4F65-BF62-8211BE0D0E94}.Ad-Hoc|iPhone.ActiveCfg = Debug|Any CPU
		{8143D1CF-018B-4F65-BF62-8211BE0D0E94}.Ad-Hoc|iPhone.Build.0 = Debug|Any CPU
		{8143D1CF-018B-4F65-BF62-8211BE0D0E94}.Ad-Hoc|iPhone.Deploy.0 = Debug|Any CPU
		{8143D1CF-018B-4F65-BF62-8211BE0D0E94}.Ad-Hoc|iPhoneSimulator.ActiveCfg = Debug|Any CPU
		{8143D1CF-018B-4F65-BF62-8211BE0D0E94}.Ad-Hoc|iPhoneSimulator.Build.0 = Debug|Any CPU
		{8143D1CF-018B-4F65-BF62-8211BE0D0E94}.Ad-Hoc|iPhoneSimulator.Deploy.0 = Debug|Any CPU
		{8143D1CF-018B-4F65-BF62-8211BE0D0E94}.AppStore|Any CPU.ActiveCfg = Debug|Any CPU
		{8143D1CF-018B-4F65-BF62-8211BE0D0E94}.AppStore|Any CPU.Build.0 = Debug|Any CPU
		{8143D1CF-018B-4F65-BF62-8211BE0D0E94}.AppStore|Any CPU.Deploy.0 = Debug|Any CPU
		{8143D1CF-018B-4F65-BF62-8211BE0D0E94}.AppStore|iPhone.ActiveCfg = Debug|Any CPU
		{8143D1CF-018B-4F65-BF62-8211BE0D0E94}.AppStore|iPhone.Build.0 = Debug|Any CPU
		{8143D1CF-018B-4F65-BF62-8211BE0D0E94}.AppStore|iPhone.Deploy.0 = Debug|Any CPU
		{8143D1CF-018B-4F65-BF62-8211BE0D0E94}.AppStore|iPhoneSimulator.ActiveCfg = Debug|Any CPU
		{8143D1CF-018B-4F65-BF62-8211BE0D0E94}.AppStore|iPhoneSimulator.Build.0 = Debug|Any CPU
		{8143D1CF-018B-4F65-BF62-8211BE0D0E94}.AppStore|iPhoneSimulator.Deploy.0 = Debug|Any CPU
		{8143D1CF-018B-4F65-BF62-8211BE0D0E94}.Debug|Any CPU.ActiveCfg = Debug|Any CPU
		{8143D1CF-018B-4F65-BF62-8211BE0D0E94}.Debug|Any CPU.Build.0 = Debug|Any CPU
		{8143D1CF-018B-4F65-BF62-8211BE0D0E94}.Debug|Any CPU.Deploy.0 = Debug|Any CPU
		{8143D1CF-018B-4F65-BF62-8211BE0D0E94}.Debug|iPhone.ActiveCfg = Debug|Any CPU
		{8143D1CF-018B-4F65-BF62-8211BE0D0E94}.Debug|iPhone.Build.0 = Debug|Any CPU
		{8143D1CF-018B-4F65-BF62-8211BE0D0E94}.Debug|iPhone.Deploy.0 = Debug|Any CPU
		{8143D1CF-018B-4F65-BF62-8211BE0D0E94}.Debug|iPhoneSimulator.ActiveCfg = Debug|Any CPU
		{8143D1CF-018B-4F65-BF62-8211BE0D0E94}.Debug|iPhoneSimulator.Build.0 = Debug|Any CPU
		{8143D1CF-018B-4F65-BF62-8211BE0D0E94}.Debug|iPhoneSimulator.Deploy.0 = Debug|Any CPU
		{8143D1CF-018B-4F65-BF62-8211BE0D0E94}.Release|Any CPU.ActiveCfg = Release|Any CPU
		{8143D1CF-018B-4F65-BF62-8211BE0D0E94}.Release|Any CPU.Build.0 = Release|Any CPU
		{8143D1CF-018B-4F65-BF62-8211BE0D0E94}.Release|Any CPU.Deploy.0 = Release|Any CPU
		{8143D1CF-018B-4F65-BF62-8211BE0D0E94}.Release|iPhone.ActiveCfg = Release|Any CPU
		{8143D1CF-018B-4F65-BF62-8211BE0D0E94}.Release|iPhone.Build.0 = Release|Any CPU
		{8143D1CF-018B-4F65-BF62-8211BE0D0E94}.Release|iPhone.Deploy.0 = Release|Any CPU
		{8143D1CF-018B-4F65-BF62-8211BE0D0E94}.Release|iPhoneSimulator.ActiveCfg = Release|Any CPU
		{8143D1CF-018B-4F65-BF62-8211BE0D0E94}.Release|iPhoneSimulator.Build.0 = Release|Any CPU
		{8143D1CF-018B-4F65-BF62-8211BE0D0E94}.Release|iPhoneSimulator.Deploy.0 = Release|Any CPU
	EndGlobalSection
	GlobalSection(SolutionProperties) = preSolution
		HideSolutionNode = FALSE
	EndGlobalSection
	GlobalSection(ExtensibilityGlobals) = postSolution
		SolutionGuid = {D89DEA07-A613-44E7-8F68-AE1BE3178B72}
	EndGlobalSection
EndGlobal
